
Microsoft Visual Studio Solution File, Format Version 12.00
# Visual Studio Version 17
VisualStudioVersion = 17.0.32112.339
MinimumVisualStudioVersion = 10.0.40219.1
Project("{9A19103F-16F7-4668-BE54-9A1E7A4F7556}") = "InventorShims", "src\InventorShims\InventorShims.csproj", "{DE9044A0-4809-4828-ADEE-FA787925CBCF}"
EndProject
Project("{FAE04EC0-301F-11D3-BF4B-00C04F79EFBC}") = "InventorShims.tests", "tests\InventorShims.tests\InventorShims.tests.csproj", "{9A4C4253-55EA-4218-9FE0-9E473562A096}"
EndProject
Project("{FAE04EC0-301F-11D3-BF4B-00C04F79EFBC}") = "GetDocumentFromObject.tests", "tests\GetDocumentFromObject.tests\GetDocumentFromObject.tests.csproj", "{E3FBC284-4903-491E-9665-DD34D1A0D5B0}"
EndProject
Project("{9A19103F-16F7-4668-BE54-9A1E7A4F7556}") = "_build", "build\_build.csproj", "{91A98655-F383-438E-A3DA-2D41BB1A59C7}"
EndProject
Global
	GlobalSection(SolutionConfigurationPlatforms) = preSolution
		Debug|Any CPU = Debug|Any CPU
		Release|Any CPU = Release|Any CPU
	EndGlobalSection
	GlobalSection(ProjectConfigurationPlatforms) = postSolution
		{DE9044A0-4809-4828-ADEE-FA787925CBCF}.Debug|Any CPU.ActiveCfg = Debug|Any CPU
		{DE9044A0-4809-4828-ADEE-FA787925CBCF}.Debug|Any CPU.Build.0 = Debug|Any CPU
		{DE9044A0-4809-4828-ADEE-FA787925CBCF}.Release|Any CPU.ActiveCfg = Release|Any CPU
		{DE9044A0-4809-4828-ADEE-FA787925CBCF}.Release|Any CPU.Build.0 = Release|Any CPU
		{9A4C4253-55EA-4218-9FE0-9E473562A096}.Debug|Any CPU.ActiveCfg = Debug|Any CPU
		{9A4C4253-55EA-4218-9FE0-9E473562A096}.Debug|Any CPU.Build.0 = Debug|Any CPU
		{9A4C4253-55EA-4218-9FE0-9E473562A096}.Release|Any CPU.ActiveCfg = Release|Any CPU
		{E3FBC284-4903-491E-9665-DD34D1A0D5B0}.Debug|Any CPU.ActiveCfg = Debug|Any CPU
		{E3FBC284-4903-491E-9665-DD34D1A0D5B0}.Release|Any CPU.ActiveCfg = Release|Any CPU
		{91A98655-F383-438E-A3DA-2D41BB1A59C7}.Debug|Any CPU.ActiveCfg = Debug|Any CPU
		{91A98655-F383-438E-A3DA-2D41BB1A59C7}.Release|Any CPU.ActiveCfg = Release|Any CPU
	EndGlobalSection
	GlobalSection(SolutionProperties) = preSolution
		HideSolutionNode = FALSE
	EndGlobalSection
	GlobalSection(ExtensibilityGlobals) = postSolution
		SolutionGuid = {D0142C3F-8FC5-4CCE-8CD9-BBE7789B1A82}
	EndGlobalSection
EndGlobal
